<?xml version="1.0" encoding="utf-8"?>
<Project ToolsVersion="4.0" xmlns="http://schemas.microsoft.com/developer/msbuild/2003">
  <ItemGroup>
    <Filter Include="Source Files">
      <UniqueIdentifier>{4FC737F1-C7A5-4376-A066-2A32D752A2FF}</UniqueIdentifier>
      <Extensions>cpp;c;cc;cxx;def;odl;idl;hpj;bat;asm;asmx</Extensions>
    </Filter>
    <Filter Include="Header Files">
      <UniqueIdentifier>{93995380-89BD-4b04-88EB-625FBE52EBFB}</UniqueIdentifier>
      <Extensions>h;hpp;hxx;hm;inl;inc;xsd</Extensions>
    </Filter>
    <Filter Include="Resource Files">
      <UniqueIdentifier>{67DA6AB6-F800-4c08-8B7A-83BB121AAD01}</UniqueIdentifier>
      <Extensions>rc;ico;cur;bmp;dlg;rc2;rct;bin;rgs;gif;jpg;jpeg;jpe;resx;tiff;tif;png;wav;mfcribbon-ms</Extensions>
    </Filter>
  </ItemGroup>
  <ItemGroup>
    <ClCompile Include="threeSum.cpp">
      <Filter>Source Files</Filter>
    </ClCompile>
    <ClCompile Include="threeSumClosest.cpp">
      <Filter>Source Files</Filter>
    </ClCompile>
    <ClCompile Include="letterCombinations.cpp">
      <Filter>Source Files</Filter>
    </ClCompile>
    <ClCompile Include="fourSum.cpp">
      <Filter>Source Files</Filter>
    </ClCompile>
    <ClCompile Include="removeNthFromEnd.cpp">
      <Filter>Source Files</Filter>
    </ClCompile>
    <ClCompile Include="isValidParentheses.cpp">
      <Filter>Source Files</Filter>
    </ClCompile>
    <ClCompile Include="mergeTwoLists.cpp">
      <Filter>Source Files</Filter>
    </ClCompile>
    <ClCompile Include="generateParenthesis.cpp">
      <Filter>Source Files</Filter>
    </ClCompile>
    <ClCompile Include="solveSudoku.cpp">
      <Filter>Source Files</Filter>
    </ClCompile>
    <ClCompile Include="combinationSum.cpp">
      <Filter>Source Files</Filter>
    </ClCompile>
    <ClCompile Include="combinationSumII.cpp">
      <Filter>Source Files</Filter>
    </ClCompile>
    <ClCompile Include="WildcardMatching.cpp">
      <Filter>Source Files</Filter>
    </ClCompile>
    <ClCompile Include="RegularExpressionMatching.cpp">
      <Filter>Source Files</Filter>
    </ClCompile>
    <ClCompile Include="Permutations .cpp">
      <Filter>Source Files</Filter>
    </ClCompile>
    <ClCompile Include="PermutationSequence.cpp">
      <Filter>Source Files</Filter>
    </ClCompile>
    <ClCompile Include="Combinations.cpp">
      <Filter>Source Files</Filter>
    </ClCompile>
    <ClCompile Include="Subsets.cpp">
      <Filter>Source Files</Filter>
    </ClCompile>
    <ClCompile Include="WordSearch.cpp">
      <Filter>Source Files</Filter>
    </ClCompile>
    <ClCompile Include="GrayCode.cpp">
      <Filter>Source Files</Filter>
    </ClCompile>
    <ClCompile Include="PlusOne.cpp">
      <Filter>Source Files</Filter>
    </ClCompile>
    <ClCompile Include="AddBinary.cpp">
      <Filter>Source Files</Filter>
    </ClCompile>
    <ClCompile Include="RemoveDuplicateFromSortedArray.cpp">
      <Filter>Source Files</Filter>
    </ClCompile>
    <ClCompile Include="RemoveElement.cpp">
      <Filter>Source Files</Filter>
    </ClCompile>
    <ClCompile Include="ImplementStrstr.cpp">
      <Filter>Source Files</Filter>
    </ClCompile>
    <ClCompile Include="MergeTwoSortedArray.cpp">
      <Filter>Source Files</Filter>
    </ClCompile>
    <ClCompile Include="ValidPalindrome.cpp">
      <Filter>Source Files</Filter>
    </ClCompile>
    <ClCompile Include="CountAndSay.cpp">
      <Filter>Source Files</Filter>
    </ClCompile>
    <ClCompile Include="LengthOfLastWord.cpp">
      <Filter>Source Files</Filter>
    </ClCompile>
    <ClCompile Include="ClimbingStairs.cpp">
      <Filter>Source Files</Filter>
    </ClCompile>
    <ClCompile Include="MinStack.cpp">
      <Filter>Source Files</Filter>
    </ClCompile>
    <ClCompile Include="BalancedBinaryTree.cpp">
      <Filter>Source Files</Filter>
    </ClCompile>
    <ClCompile Include="LevelOrderTraverseTree.cpp">
      <Filter>Source Files</Filter>
    </ClCompile>
    <ClCompile Include="LevelOrderTraverseTreeBottonup.cpp">
      <Filter>Source Files</Filter>
    </ClCompile>
    <ClCompile Include="minBinaryTreeDepth.cpp">
      <Filter>Source Files</Filter>
    </ClCompile>
    <ClCompile Include="PathSum.cpp">
      <Filter>Source Files</Filter>
    </ClCompile>
    <ClCompile Include="SymmetricTree.cpp">
      <Filter>Source Files</Filter>
    </ClCompile>
    <ClCompile Include="MultiplyStrings.cpp">
      <Filter>Source Files</Filter>
    </ClCompile>
    <ClCompile Include="SimplifyPath.cpp">
      <Filter>Source Files</Filter>
    </ClCompile>
    <ClCompile Include="DecodeWays.cpp">
      <Filter>Source Files</Filter>
    </ClCompile>
    <ClCompile Include="RestoreIpAddress.cpp">
      <Filter>Source Files</Filter>
    </ClCompile>
    <ClCompile Include="InsertionSortList.cpp">
      <Filter>Source Files</Filter>
    </ClCompile>
    <ClCompile Include="SortlList.cpp">
      <Filter>Source Files</Filter>
    </ClCompile>
    <ClCompile Include="UniqueBinarySearchTreeII.cpp">
      <Filter>Source Files</Filter>
    </ClCompile>
    <ClCompile Include="UniqueBinarySearchTree.cpp">
      <Filter>Source Files</Filter>
    </ClCompile>
    <ClCompile Include="ValidateBinarySearchTree.cpp">
      <Filter>Source Files</Filter>
    </ClCompile>
    <ClCompile Include="ConstructBinaryTreeFromPreorderInorderTraverse.cpp">
      <Filter>Source Files</Filter>
    </ClCompile>
    <ClCompile Include="ConstructBinaryTreeFromInorderPostorderTraverse.cpp">
      <Filter>Source Files</Filter>
    </ClCompile>
    <ClCompile Include="ConvertSortedArraytoBinarySearchTree.cpp">
      <Filter>Source Files</Filter>
    </ClCompile>
    <ClCompile Include="ConvertSortedListtoBinarySearchTree.cpp">
      <Filter>Source Files</Filter>
    </ClCompile>
    <ClCompile Include="PathSumII.cpp">
      <Filter>Source Files</Filter>
    </ClCompile>
    <ClCompile Include="FlatternBinaryTree.cpp">
      <Filter>Source Files</Filter>
    </ClCompile>
    <ClCompile Include="SurroundRegions.cpp">
      <Filter>Source Files</Filter>
    </ClCompile>
    <ClCompile Include="NumberOfIslands.cpp">
      <Filter>Source Files</Filter>
    </ClCompile>
    <ClCompile Include="CloneGraph.cpp">
      <Filter>Source Files</Filter>
    </ClCompile>
    <ClCompile Include="DivideTwoInteger.cpp">
      <Filter>Source Files</Filter>
    </ClCompile>
    <ClCompile Include="PowerXN.cpp">
      <Filter>Source Files</Filter>
    </ClCompile>
    <ClCompile Include="SqrtX.cpp">
      <Filter>Source Files</Filter>
    </ClCompile>
    <ClCompile Include="FractionToRecuringDecimal.cpp">
      <Filter>Source Files</Filter>
    </ClCompile>
    <ClCompile Include="SwapNodesInPairs.cpp">
      <Filter>Source Files</Filter>
    </ClCompile>
    <ClCompile Include="RotateList.cpp">
      <Filter>Source Files</Filter>
    </ClCompile>
    <ClCompile Include="RemoveFromDuplicatedListII.cpp">
      <Filter>Source Files</Filter>
    </ClCompile>
    <ClCompile Include="RemoveDuplicateFromSortedArrayII.cpp">
      <Filter>Source Files</Filter>
    </ClCompile>
    <ClCompile Include="MaximumSubarray.cpp">
      <Filter>Source Files</Filter>
    </ClCompile>
    <ClCompile Include="BestTimeToBuyAndSellStock.cpp">
      <Filter>Source Files</Filter>
    </ClCompile>
    <ClCompile Include="UniquePaths.cpp">
      <Filter>Source Files</Filter>
    </ClCompile>
    <ClCompile Include="UniquePathII.cpp">
      <Filter>Source Files</Filter>
    </ClCompile>
    <ClCompile Include="MinimizePathSum.cpp">
      <Filter>Source Files</Filter>
    </ClCompile>
    <ClCompile Include="PermutationUnique.cpp">
      <Filter>Source Files</Filter>
    </ClCompile>
    <ClCompile Include="SubsetII.cpp">
      <Filter>Source Files</Filter>
    </ClCompile>
    <ClCompile Include="PalindromePartitioning.cpp">
      <Filter>Source Files</Filter>
    </ClCompile>
  </ItemGroup>
  <ItemGroup>
    <ClInclude Include="shared_functions.h">
      <Filter>Source Files</Filter>
    </ClInclude>
    <ClInclude Include="ConstructBinaryTreeFromPreorderInorderTraverse.h">
      <Filter>Source Files</Filter>
    </ClInclude>
  </ItemGroup>
</Project>